
Microsoft Visual Studio Solution File, Format Version 12.00
Project("{FAE04EC0-301F-11D3-BF4B-00C04F79EFBC}") = "MyBucks.Core.Defensive", "MyBucks.Core.Defensive\MyBucks.Core.Defensive.csproj", "{AC4EAB9B-E6EE-4CD5-9296-50CCD7010CB9}"
EndProject
Project("{FAE04EC0-301F-11D3-BF4B-00C04F79EFBC}") = "Tests", "Tests\Tests.csproj", "{8C1E8797-251D-47EB-9D11-020B0D83FDAB}"
EndProject
Global
	GlobalSection(SolutionConfigurationPlatforms) = preSolution
		Debug|Any CPU = Debug|Any CPU
		Release|Any CPU = Release|Any CPU
	EndGlobalSection
	GlobalSection(ProjectConfigurationPlatforms) = postSolution
		{AC4EAB9B-E6EE-4CD5-9296-50CCD7010CB9}.Debug|Any CPU.ActiveCfg = Debug|Any CPU
		{AC4EAB9B-E6EE-4CD5-9296-50CCD7010CB9}.Debug|Any CPU.Build.0 = Debug|Any CPU
		{AC4EAB9B-E6EE-4CD5-9296-50CCD7010CB9}.Release|Any CPU.ActiveCfg = Release|Any CPU
		{AC4EAB9B-E6EE-4CD5-9296-50CCD7010CB9}.Release|Any CPU.Build.0 = Release|Any CPU
		{8C1E8797-251D-47EB-9D11-020B0D83FDAB}.Debug|Any CPU.ActiveCfg = Debug|Any CPU
		{8C1E8797-251D-47EB-9D11-020B0D83FDAB}.Debug|Any CPU.Build.0 = Debug|Any CPU
		{8C1E8797-251D-47EB-9D11-020B0D83FDAB}.Release|Any CPU.ActiveCfg = Release|Any CPU
		{8C1E8797-251D-47EB-9D11-020B0D83FDAB}.Release|Any CPU.Build.0 = Release|Any CPU
	EndGlobalSection
EndGlobal
